
Microsoft Visual Studio Solution File, Format Version 12.00
# Visual Studio Version 17
VisualStudioVersion = 17.5.002.0
MinimumVisualStudioVersion = 10.0.40219.1
Project("{9A19103F-16F7-4668-BE54-9A1E7A4F7556}") = "examen-parcial-cuentas", "examen-parcial-cuentas.csproj", "{F4E97EA5-A263-418A-808C-48BB87C2B4FD}"
EndProject
Global
	GlobalSection(SolutionConfigurationPlatforms) = preSolution
		Debug|Any CPU = Debug|Any CPU
		Release|Any CPU = Release|Any CPU
	EndGlobalSection
	GlobalSection(ProjectConfigurationPlatforms) = postSolution
		{F4E97EA5-A263-418A-808C-48BB87C2B4FD}.Debug|Any CPU.ActiveCfg = Debug|Any CPU
		{F4E97EA5-A263-418A-808C-48BB87C2B4FD}.Debug|Any CPU.Build.0 = Debug|Any CPU
		{F4E97EA5-A263-418A-808C-48BB87C2B4FD}.Release|Any CPU.ActiveCfg = Release|Any CPU
		{F4E97EA5-A263-418A-808C-48BB87C2B4FD}.Release|Any CPU.Build.0 = Release|Any CPU
	EndGlobalSection
	GlobalSection(SolutionProperties) = preSolution
		HideSolutionNode = FALSE
	EndGlobalSection
	GlobalSection(ExtensibilityGlobals) = postSolution
		SolutionGuid = {15EB6A68-F5AE-460F-B771-0E5C6D7F0C00}
	EndGlobalSection
EndGlobal
